
Microsoft Visual Studio Solution File, Format Version 12.00
# Visual Studio Version 17
VisualStudioVersion = 17.5.33502.453
MinimumVisualStudioVersion = 10.0.40219.1
Project("{FAE04EC0-301F-11D3-BF4B-00C04F79EFBC}") = "LibraryProject.Data", "LibraryProject.Data\LibraryProject.Data.csproj", "{11B19CBF-E910-4A02-BB08-42B1E975E525}"
EndProject
Project("{FAE04EC0-301F-11D3-BF4B-00C04F79EFBC}") = "LibraryProject.Infrustructure", "LibraryProject.Infrustructure\LibraryProject.Infrustructure.csproj", "{3845DC9A-2F1C-497D-9A37-20B6C84C2E28}"
EndProject
Project("{FAE04EC0-301F-11D3-BF4B-00C04F79EFBC}") = "LibraryProject.Services", "LibraryProject.Services\LibraryProject.Services.csproj", "{2C1BC672-0F31-446B-804A-761A26BA6936}"
EndProject
Project("{FAE04EC0-301F-11D3-BF4B-00C04F79EFBC}") = "LibraryProject.Core", "LibraryProject.Core\LibraryProject.Core.csproj", "{56EECB35-560F-453A-805D-C1989EF3CB8F}"
EndProject
Project("{FAE04EC0-301F-11D3-BF4B-00C04F79EFBC}") = "LibraryProject.Api", "LibraryProject.Api\LibraryProject.Api.csproj", "{1179C435-5044-45E8-93C7-B39D71E65FC4}"
EndProject
Global
	GlobalSection(SolutionConfigurationPlatforms) = preSolution
		Debug|Any CPU = Debug|Any CPU
		Release|Any CPU = Release|Any CPU
	EndGlobalSection
	GlobalSection(ProjectConfigurationPlatforms) = postSolution
		{11B19CBF-E910-4A02-BB08-42B1E975E525}.Debug|Any CPU.ActiveCfg = Debug|Any CPU
		{11B19CBF-E910-4A02-BB08-42B1E975E525}.Debug|Any CPU.Build.0 = Debug|Any CPU
		{11B19CBF-E910-4A02-BB08-42B1E975E525}.Release|Any CPU.ActiveCfg = Release|Any CPU
		{11B19CBF-E910-4A02-BB08-42B1E975E525}.Release|Any CPU.Build.0 = Release|Any CPU
		{3845DC9A-2F1C-497D-9A37-20B6C84C2E28}.Debug|Any CPU.ActiveCfg = Debug|Any CPU
		{3845DC9A-2F1C-497D-9A37-20B6C84C2E28}.Debug|Any CPU.Build.0 = Debug|Any CPU
		{3845DC9A-2F1C-497D-9A37-20B6C84C2E28}.Release|Any CPU.ActiveCfg = Release|Any CPU
		{3845DC9A-2F1C-497D-9A37-20B6C84C2E28}.Release|Any CPU.Build.0 = Release|Any CPU
		{2C1BC672-0F31-446B-804A-761A26BA6936}.Debug|Any CPU.ActiveCfg = Debug|Any CPU
		{2C1BC672-0F31-446B-804A-761A26BA6936}.Debug|Any CPU.Build.0 = Debug|Any CPU
		{2C1BC672-0F31-446B-804A-761A26BA6936}.Release|Any CPU.ActiveCfg = Release|Any CPU
		{2C1BC672-0F31-446B-804A-761A26BA6936}.Release|Any CPU.Build.0 = Release|Any CPU
		{56EECB35-560F-453A-805D-C1989EF3CB8F}.Debug|Any CPU.ActiveCfg = Debug|Any CPU
		{56EECB35-560F-453A-805D-C1989EF3CB8F}.Debug|Any CPU.Build.0 = Debug|Any CPU
		{56EECB35-560F-453A-805D-C1989EF3CB8F}.Release|Any CPU.ActiveCfg = Release|Any CPU
		{56EECB35-560F-453A-805D-C1989EF3CB8F}.Release|Any CPU.Build.0 = Release|Any CPU
		{1179C435-5044-45E8-93C7-B39D71E65FC4}.Debug|Any CPU.ActiveCfg = Debug|Any CPU
		{1179C435-5044-45E8-93C7-B39D71E65FC4}.Debug|Any CPU.Build.0 = Debug|Any CPU
		{1179C435-5044-45E8-93C7-B39D71E65FC4}.Release|Any CPU.ActiveCfg = Release|Any CPU
		{1179C435-5044-45E8-93C7-B39D71E65FC4}.Release|Any CPU.Build.0 = Release|Any CPU
	EndGlobalSection
	GlobalSection(SolutionProperties) = preSolution
		HideSolutionNode = FALSE
	EndGlobalSection
	GlobalSection(ExtensibilityGlobals) = postSolution
		SolutionGuid = {7685FF67-CD51-4E3D-B12C-A0420321C866}
	EndGlobalSection
EndGlobal
